// !$*UTF8*$!
{
	archiveVersion = 1;
	classes = {
	};
	objectVersion = 46;
	objects = {

/* Begin PBXBuildFile section */
		F118131714037B3C000DF820 /* rango-w342.jpg in Resources */ = {isa = PBXBuildFile; fileRef = F118131614037B3C000DF820 /* rango-w342.jpg */; };
		F160C18C1403719900290128 /* InfoPlist.strings in Resources */ = {isa = PBXBuildFile; fileRef = F160C1781403719900290128 /* InfoPlist.strings */; };
		F160C18D1403719900290128 /* MainWindow.xib in Resources */ = {isa = PBXBuildFile; fileRef = F160C17A1403719900290128 /* MainWindow.xib */; };
		F160C18E1403719900290128 /* Film.m in Sources */ = {isa = PBXBuildFile; fileRef = F160C17D1403719900290128 /* Film.m */; };
		F160C18F1403719900290128 /* goodfilms-Info.plist in Resources */ = {isa = PBXBuildFile; fileRef = F160C17E1403719900290128 /* goodfilms-Info.plist */; };
		F160C1901403719900290128 /* goodfilms.entitlements in Resources */ = {isa = PBXBuildFile; fileRef = F160C1801403719900290128 /* goodfilms.entitlements */; };
		F160C1911403719900290128 /* goodfilmsAppDelegate.m in Sources */ = {isa = PBXBuildFile; fileRef = F160C1821403719900290128 /* goodfilmsAppDelegate.m */; };
		F160C1921403719900290128 /* main.m in Sources */ = {isa = PBXBuildFile; fileRef = F160C1831403719900290128 /* main.m */; };
		F160C1931403719900290128 /* QueueViewController.m in Sources */ = {isa = PBXBuildFile; fileRef = F160C1851403719900290128 /* QueueViewController.m */; };
		F160C1941403719900290128 /* QueueViewController.xib in Resources */ = {isa = PBXBuildFile; fileRef = F160C1861403719900290128 /* QueueViewController.xib */; };
		F160C1951403719900290128 /* SearchViewController.m in Sources */ = {isa = PBXBuildFile; fileRef = F160C1881403719900290128 /* SearchViewController.m */; };
		F160C1961403719900290128 /* SearchViewController.xib in Resources */ = {isa = PBXBuildFile; fileRef = F160C1891403719900290128 /* SearchViewController.xib */; };
		F160C1971403719900290128 /* User.m in Sources */ = {isa = PBXBuildFile; fileRef = F160C18B1403719900290128 /* User.m */; };
		F160C19E1403722900290128 /* Api.m in Sources */ = {isa = PBXBuildFile; fileRef = F160C19D1403722900290128 /* Api.m */; };
		F164DA2614035A48005D786F /* UIKit.framework in Frameworks */ = {isa = PBXBuildFile; fileRef = F164DA2514035A48005D786F /* UIKit.framework */; };
		F164DA2814035A48005D786F /* Foundation.framework in Frameworks */ = {isa = PBXBuildFile; fileRef = F164DA2714035A48005D786F /* Foundation.framework */; };
		F164DA2A14035A48005D786F /* CoreGraphics.framework in Frameworks */ = {isa = PBXBuildFile; fileRef = F164DA2914035A48005D786F /* CoreGraphics.framework */; };
		F164DA4D14035A48005D786F /* SenTestingKit.framework in Frameworks */ = {isa = PBXBuildFile; fileRef = F164DA4C14035A48005D786F /* SenTestingKit.framework */; };
		F164DA4E14035A48005D786F /* UIKit.framework in Frameworks */ = {isa = PBXBuildFile; fileRef = F164DA2514035A48005D786F /* UIKit.framework */; };
		F164DA4F14035A48005D786F /* Foundation.framework in Frameworks */ = {isa = PBXBuildFile; fileRef = F164DA2714035A48005D786F /* Foundation.framework */; };
		F164DA5014035A48005D786F /* CoreGraphics.framework in Frameworks */ = {isa = PBXBuildFile; fileRef = F164DA2914035A48005D786F /* CoreGraphics.framework */; };
		F164DA5814035A48005D786F /* InfoPlist.strings in Resources */ = {isa = PBXBuildFile; fileRef = F164DA5614035A48005D786F /* InfoPlist.strings */; };
		F164DA5A14035A48005D786F /* goodfilmsTests.h in Resources */ = {isa = PBXBuildFile; fileRef = F164DA5914035A48005D786F /* goodfilmsTests.h */; };
		F164DA5C14035A48005D786F /* goodfilmsTests.m in Sources */ = {isa = PBXBuildFile; fileRef = F164DA5B14035A48005D786F /* goodfilmsTests.m */; };
		F1BEDEA9140382FA009F915A /* Kit.xcconfig in Resources */ = {isa = PBXBuildFile; fileRef = F1BEDEA2140382FA009F915A /* Kit.xcconfig */; };
		F1BEDEAE14038373009F915A /* libKitDeps.a in Frameworks */ = {isa = PBXBuildFile; fileRef = F1BEDEAD140382FB009F915A /* libKitDeps.a */; };
/* End PBXBuildFile section */

/* Begin PBXContainerItemProxy section */
		F164DA5114035A48005D786F /* PBXContainerItemProxy */ = {
			isa = PBXContainerItemProxy;
			containerPortal = F164DA1814035A48005D786F /* Project object */;
			proxyType = 1;
			remoteGlobalIDString = F164DA2014035A48005D786F;
			remoteInfo = goodfilms;
		};
		F1BEDEAC140382FB009F915A /* PBXContainerItemProxy */ = {
			isa = PBXContainerItemProxy;
			containerPortal = F1BEDEA3140382FA009F915A /* KitDeps.xcodeproj */;
			proxyType = 2;
			remoteGlobalIDString = D2AAC07E0554694100DB518D;
			remoteInfo = KitDeps;
		};
/* End PBXContainerItemProxy section */

/* Begin PBXFileReference section */
		F118131614037B3C000DF820 /* rango-w342.jpg */ = {isa = PBXFileReference; lastKnownFileType = image.jpeg; path = "rango-w342.jpg"; sourceTree = "<group>"; };
		F160C1791403719900290128 /* InfoPlist.strings */ = {isa = PBXFileReference; lastKnownFileType = text.plist.strings; name = InfoPlist.strings; path = en.lproj/InfoPlist.strings; sourceTree = "<group>"; };
		F160C17B1403719900290128 /* MainWindow.xib */ = {isa = PBXFileReference; lastKnownFileType = file.xib; name = MainWindow.xib; path = en.lproj/MainWindow.xib; sourceTree = "<group>"; };
		F160C17C1403719900290128 /* Film.h */ = {isa = PBXFileReference; fileEncoding = 4; lastKnownFileType = sourcecode.c.h; path = Film.h; sourceTree = "<group>"; };
		F160C17D1403719900290128 /* Film.m */ = {isa = PBXFileReference; fileEncoding = 4; lastKnownFileType = sourcecode.c.objc; path = Film.m; sourceTree = "<group>"; };
		F160C17E1403719900290128 /* goodfilms-Info.plist */ = {isa = PBXFileReference; fileEncoding = 4; lastKnownFileType = text.plist.xml; path = "goodfilms-Info.plist"; sourceTree = "<group>"; };
		F160C17F1403719900290128 /* goodfilms-Prefix.pch */ = {isa = PBXFileReference; fileEncoding = 4; lastKnownFileType = sourcecode.c.h; path = "goodfilms-Prefix.pch"; sourceTree = "<group>"; };
		F160C1801403719900290128 /* goodfilms.entitlements */ = {isa = PBXFileReference; fileEncoding = 4; lastKnownFileType = text.xml; path = goodfilms.entitlements; sourceTree = "<group>"; };
		F160C1811403719900290128 /* goodfilmsAppDelegate.h */ = {isa = PBXFileReference; fileEncoding = 4; lastKnownFileType = sourcecode.c.h; path = goodfilmsAppDelegate.h; sourceTree = "<group>"; };
		F160C1821403719900290128 /* goodfilmsAppDelegate.m */ = {isa = PBXFileReference; fileEncoding = 4; lastKnownFileType = sourcecode.c.objc; path = goodfilmsAppDelegate.m; sourceTree = "<group>"; };
		F160C1831403719900290128 /* main.m */ = {isa = PBXFileReference; fileEncoding = 4; lastKnownFileType = sourcecode.c.objc; path = main.m; sourceTree = "<group>"; };
		F160C1841403719900290128 /* QueueViewController.h */ = {isa = PBXFileReference; fileEncoding = 4; lastKnownFileType = sourcecode.c.h; path = QueueViewController.h; sourceTree = "<group>"; };
		F160C1851403719900290128 /* QueueViewController.m */ = {isa = PBXFileReference; fileEncoding = 4; lastKnownFileType = sourcecode.c.objc; path = QueueViewController.m; sourceTree = "<group>"; };
		F160C1861403719900290128 /* QueueViewController.xib */ = {isa = PBXFileReference; fileEncoding = 4; lastKnownFileType = file.xib; path = QueueViewController.xib; sourceTree = "<group>"; };
		F160C1871403719900290128 /* SearchViewController.h */ = {isa = PBXFileReference; fileEncoding = 4; lastKnownFileType = sourcecode.c.h; path = SearchViewController.h; sourceTree = "<group>"; };
		F160C1881403719900290128 /* SearchViewController.m */ = {isa = PBXFileReference; fileEncoding = 4; lastKnownFileType = sourcecode.c.objc; path = SearchViewController.m; sourceTree = "<group>"; };
		F160C1891403719900290128 /* SearchViewController.xib */ = {isa = PBXFileReference; fileEncoding = 4; lastKnownFileType = file.xib; path = SearchViewController.xib; sourceTree = "<group>"; };
		F160C18A1403719900290128 /* User.h */ = {isa = PBXFileReference; fileEncoding = 4; lastKnownFileType = sourcecode.c.h; path = User.h; sourceTree = "<group>"; };
		F160C18B1403719900290128 /* User.m */ = {isa = PBXFileReference; fileEncoding = 4; lastKnownFileType = sourcecode.c.objc; path = User.m; sourceTree = "<group>"; };
		F160C19C1403722900290128 /* Api.h */ = {isa = PBXFileReference; fileEncoding = 4; lastKnownFileType = sourcecode.c.h; path = Api.h; sourceTree = "<group>"; };
		F160C19D1403722900290128 /* Api.m */ = {isa = PBXFileReference; fileEncoding = 4; lastKnownFileType = sourcecode.c.objc; path = Api.m; sourceTree = "<group>"; };
		F164DA2114035A48005D786F /* goodfilms.app */ = {isa = PBXFileReference; explicitFileType = wrapper.application; includeInIndex = 0; path = goodfilms.app; sourceTree = BUILT_PRODUCTS_DIR; };
		F164DA2514035A48005D786F /* UIKit.framework */ = {isa = PBXFileReference; lastKnownFileType = wrapper.framework; name = UIKit.framework; path = System/Library/Frameworks/UIKit.framework; sourceTree = SDKROOT; };
		F164DA2714035A48005D786F /* Foundation.framework */ = {isa = PBXFileReference; lastKnownFileType = wrapper.framework; name = Foundation.framework; path = System/Library/Frameworks/Foundation.framework; sourceTree = SDKROOT; };
		F164DA2914035A48005D786F /* CoreGraphics.framework */ = {isa = PBXFileReference; lastKnownFileType = wrapper.framework; name = CoreGraphics.framework; path = System/Library/Frameworks/CoreGraphics.framework; sourceTree = SDKROOT; };
		F164DA4B14035A48005D786F /* goodfilmsTests.octest */ = {isa = PBXFileReference; explicitFileType = wrapper.cfbundle; includeInIndex = 0; path = goodfilmsTests.octest; sourceTree = BUILT_PRODUCTS_DIR; };
		F164DA4C14035A48005D786F /* SenTestingKit.framework */ = {isa = PBXFileReference; lastKnownFileType = wrapper.framework; name = SenTestingKit.framework; path = Library/Frameworks/SenTestingKit.framework; sourceTree = DEVELOPER_DIR; };
		F164DA5514035A48005D786F /* goodfilmsTests-Info.plist */ = {isa = PBXFileReference; lastKnownFileType = text.plist.xml; path = "goodfilmsTests-Info.plist"; sourceTree = "<group>"; };
		F164DA5714035A48005D786F /* InfoPlist.strings */ = {isa = PBXFileReference; lastKnownFileType = text.plist.strings; name = InfoPlist.strings; path = en.lproj/InfoPlist.strings; sourceTree = "<group>"; };
		F164DA5914035A48005D786F /* goodfilmsTests.h */ = {isa = PBXFileReference; lastKnownFileType = sourcecode.c.h; path = goodfilmsTests.h; sourceTree = "<group>"; };
		F164DA5B14035A48005D786F /* goodfilmsTests.m */ = {isa = PBXFileReference; lastKnownFileType = sourcecode.c.objc; path = goodfilmsTests.m; sourceTree = "<group>"; };
		F1BEDEA2140382FA009F915A /* Kit.xcconfig */ = {isa = PBXFileReference; fileEncoding = 4; lastKnownFileType = text.xcconfig; name = Kit.xcconfig; path = Kits/Kit.xcconfig; sourceTree = "<group>"; };
		F1BEDEA3140382FA009F915A /* KitDeps.xcodeproj */ = {isa = PBXFileReference; lastKnownFileType = "wrapper.pb-project"; name = KitDeps.xcodeproj; path = Kits/KitDeps.xcodeproj; sourceTree = "<group>"; };
/* End PBXFileReference section */

/* Begin PBXFrameworksBuildPhase section */
		F164DA1E14035A48005D786F /* Frameworks */ = {
			isa = PBXFrameworksBuildPhase;
			buildActionMask = 2147483647;
			files = (
				F1BEDEAE14038373009F915A /* libKitDeps.a in Frameworks */,
				F164DA2614035A48005D786F /* UIKit.framework in Frameworks */,
				F164DA2814035A48005D786F /* Foundation.framework in Frameworks */,
				F164DA2A14035A48005D786F /* CoreGraphics.framework in Frameworks */,
			);
			runOnlyForDeploymentPostprocessing = 0;
		};
		F164DA4714035A48005D786F /* Frameworks */ = {
			isa = PBXFrameworksBuildPhase;
			buildActionMask = 2147483647;
			files = (
				F164DA4D14035A48005D786F /* SenTestingKit.framework in Frameworks */,
				F164DA4E14035A48005D786F /* UIKit.framework in Frameworks */,
				F164DA4F14035A48005D786F /* Foundation.framework in Frameworks */,
				F164DA5014035A48005D786F /* CoreGraphics.framework in Frameworks */,
			);
			runOnlyForDeploymentPostprocessing = 0;
		};
/* End PBXFrameworksBuildPhase section */

/* Begin PBXGroup section */
		F118131514037B3C000DF820 /* assets */ = {
			isa = PBXGroup;
			children = (
				F118131614037B3C000DF820 /* rango-w342.jpg */,
			);
			name = assets;
			path = goodfilms.xcodeproj/../assets;
			sourceTree = "<group>";
		};
		F160C1771403719900290128 /* src */ = {
			isa = PBXGroup;
			children = (
				F160C19B1403721100290128 /* API */,
				F160C19A140371F100290128 /* Other */,
				F160C199140371DB00290128 /* Model */,
				F160C17A1403719900290128 /* MainWindow.xib */,
				F160C1811403719900290128 /* goodfilmsAppDelegate.h */,
				F160C1821403719900290128 /* goodfilmsAppDelegate.m */,
				F160C1841403719900290128 /* QueueViewController.h */,
				F160C1851403719900290128 /* QueueViewController.m */,
				F160C1861403719900290128 /* QueueViewController.xib */,
				F160C1871403719900290128 /* SearchViewController.h */,
				F160C1881403719900290128 /* SearchViewController.m */,
				F160C1891403719900290128 /* SearchViewController.xib */,
			);
			path = src;
			sourceTree = "<group>";
		};
		F160C199140371DB00290128 /* Model */ = {
			isa = PBXGroup;
			children = (
				F160C17C1403719900290128 /* Film.h */,
				F160C17D1403719900290128 /* Film.m */,
				F160C18A1403719900290128 /* User.h */,
				F160C18B1403719900290128 /* User.m */,
			);
			name = Model;
			sourceTree = "<group>";
		};
		F160C19A140371F100290128 /* Other */ = {
			isa = PBXGroup;
			children = (
				F160C1781403719900290128 /* InfoPlist.strings */,
				F160C17E1403719900290128 /* goodfilms-Info.plist */,
				F160C17F1403719900290128 /* goodfilms-Prefix.pch */,
				F160C1801403719900290128 /* goodfilms.entitlements */,
				F160C1831403719900290128 /* main.m */,
			);
			name = Other;
			sourceTree = "<group>";
		};
		F160C19B1403721100290128 /* API */ = {
			isa = PBXGroup;
			children = (
				F160C19C1403722900290128 /* Api.h */,
				F160C19D1403722900290128 /* Api.m */,
			);
			name = API;
			sourceTree = "<group>";
		};
		F164DA1614035A48005D786F = {
			isa = PBXGroup;
			children = (
				F1BEDEA0140382DF009F915A /* Kits */,
				F118131514037B3C000DF820 /* assets */,
				F160C1771403719900290128 /* src */,
				F164DA5314035A48005D786F /* goodfilmsTests */,
				F164DA2414035A48005D786F /* Frameworks */,
				F164DA2214035A48005D786F /* Products */,
			);
			sourceTree = "<group>";
		};
		F164DA2214035A48005D786F /* Products */ = {
			isa = PBXGroup;
			children = (
				F164DA2114035A48005D786F /* goodfilms.app */,
				F164DA4B14035A48005D786F /* goodfilmsTests.octest */,
			);
			name = Products;
			sourceTree = "<group>";
		};
		F164DA2414035A48005D786F /* Frameworks */ = {
			isa = PBXGroup;
			children = (
				F164DA2514035A48005D786F /* UIKit.framework */,
				F164DA2714035A48005D786F /* Foundation.framework */,
				F164DA2914035A48005D786F /* CoreGraphics.framework */,
				F164DA4C14035A48005D786F /* SenTestingKit.framework */,
			);
			name = Frameworks;
			sourceTree = "<group>";
		};
		F164DA5314035A48005D786F /* goodfilmsTests */ = {
			isa = PBXGroup;
			children = (
				F164DA5914035A48005D786F /* goodfilmsTests.h */,
				F164DA5B14035A48005D786F /* goodfilmsTests.m */,
				F164DA5414035A48005D786F /* Supporting Files */,
			);
			path = goodfilmsTests;
			sourceTree = "<group>";
		};
		F164DA5414035A48005D786F /* Supporting Files */ = {
			isa = PBXGroup;
			children = (
				F164DA5514035A48005D786F /* goodfilmsTests-Info.plist */,
				F164DA5614035A48005D786F /* InfoPlist.strings */,
			);
			name = "Supporting Files";
			sourceTree = "<group>";
		};
		F1BEDEA0140382DF009F915A /* Kits */ = {
			isa = PBXGroup;
			children = (
				F1BEDEA2140382FA009F915A /* Kit.xcconfig */,
				F1BEDEA3140382FA009F915A /* KitDeps.xcodeproj */,
			);
			name = Kits;
			sourceTree = "<group>";
		};
		F1BEDEA4140382FA009F915A /* Products */ = {
			isa = PBXGroup;
			children = (
				F1BEDEAD140382FB009F915A /* libKitDeps.a */,
			);
			name = Products;
			sourceTree = "<group>";
		};
/* End PBXGroup section */

/* Begin PBXNativeTarget section */
		F164DA2014035A48005D786F /* goodfilms */ = {
			isa = PBXNativeTarget;
			buildConfigurationList = F164DA5F14035A48005D786F /* Build configuration list for PBXNativeTarget "goodfilms" */;
			buildPhases = (
				F164DA1D14035A48005D786F /* Sources */,
				F164DA1E14035A48005D786F /* Frameworks */,
				F164DA1F14035A48005D786F /* Resources */,
			);
			buildRules = (
			);
			dependencies = (
			);
			name = goodfilms;
			productName = goodfilms;
			productReference = F164DA2114035A48005D786F /* goodfilms.app */;
			productType = "com.apple.product-type.application";
		};
		F164DA4A14035A48005D786F /* goodfilmsTests */ = {
			isa = PBXNativeTarget;
			buildConfigurationList = F164DA6214035A48005D786F /* Build configuration list for PBXNativeTarget "goodfilmsTests" */;
			buildPhases = (
				F164DA4614035A48005D786F /* Sources */,
				F164DA4714035A48005D786F /* Frameworks */,
				F164DA4814035A48005D786F /* Resources */,
				F164DA4914035A48005D786F /* ShellScript */,
			);
			buildRules = (
			);
			dependencies = (
				F164DA5214035A48005D786F /* PBXTargetDependency */,
			);
			name = goodfilmsTests;
			productName = goodfilmsTests;
			productReference = F164DA4B14035A48005D786F /* goodfilmsTests.octest */;
			productType = "com.apple.product-type.bundle";
		};
/* End PBXNativeTarget section */

/* Begin PBXProject section */
		F164DA1814035A48005D786F /* Project object */ = {
			isa = PBXProject;
			buildConfigurationList = F164DA1B14035A48005D786F /* Build configuration list for PBXProject "goodfilms" */;
			compatibilityVersion = "Xcode 3.2";
			developmentRegion = English;
			hasScannedForEncodings = 0;
			knownRegions = (
				en,
			);
			mainGroup = F164DA1614035A48005D786F;
			productRefGroup = F164DA2214035A48005D786F /* Products */;
			projectDirPath = "";
			projectReferences = (
				{
					ProductGroup = F1BEDEA4140382FA009F915A /* Products */;
					ProjectRef = F1BEDEA3140382FA009F915A /* KitDeps.xcodeproj */;
				},
			);
			projectRoot = "";
			targets = (
				F164DA2014035A48005D786F /* goodfilms */,
				F164DA4A14035A48005D786F /* goodfilmsTests */,
			);
		};
/* End PBXProject section */

/* Begin PBXReferenceProxy section */
		F1BEDEAD140382FB009F915A /* libKitDeps.a */ = {
			isa = PBXReferenceProxy;
			fileType = archive.ar;
			path = libKitDeps.a;
			remoteRef = F1BEDEAC140382FB009F915A /* PBXContainerItemProxy */;
			sourceTree = BUILT_PRODUCTS_DIR;
		};
/* End PBXReferenceProxy section */

/* Begin PBXResourcesBuildPhase section */
		F164DA1F14035A48005D786F /* Resources */ = {
			isa = PBXResourcesBuildPhase;
			buildActionMask = 2147483647;
			files = (
				F160C18C1403719900290128 /* InfoPlist.strings in Resources */,
				F160C18D1403719900290128 /* MainWindow.xib in Resources */,
				F160C18F1403719900290128 /* goodfilms-Info.plist in Resources */,
				F160C1901403719900290128 /* goodfilms.entitlements in Resources */,
				F160C1941403719900290128 /* QueueViewController.xib in Resources */,
				F160C1961403719900290128 /* SearchViewController.xib in Resources */,
				F118131714037B3C000DF820 /* rango-w342.jpg in Resources */,
				F1BEDEA9140382FA009F915A /* Kit.xcconfig in Resources */,
			);
			runOnlyForDeploymentPostprocessing = 0;
		};
		F164DA4814035A48005D786F /* Resources */ = {
			isa = PBXResourcesBuildPhase;
			buildActionMask = 2147483647;
			files = (
				F164DA5814035A48005D786F /* InfoPlist.strings in Resources */,
				F164DA5A14035A48005D786F /* goodfilmsTests.h in Resources */,
			);
			runOnlyForDeploymentPostprocessing = 0;
		};
/* End PBXResourcesBuildPhase section */

/* Begin PBXShellScriptBuildPhase section */
		F164DA4914035A48005D786F /* ShellScript */ = {
			isa = PBXShellScriptBuildPhase;
			buildActionMask = 2147483647;
			files = (
			);
			inputPaths = (
			);
			outputPaths = (
			);
			runOnlyForDeploymentPostprocessing = 0;
			shellPath = /bin/sh;
			shellScript = "# Run the unit tests in this test bundle.\n\"${SYSTEM_DEVELOPER_DIR}/Tools/RunUnitTests\"\n";
		};
/* End PBXShellScriptBuildPhase section */

/* Begin PBXSourcesBuildPhase section */
		F164DA1D14035A48005D786F /* Sources */ = {
			isa = PBXSourcesBuildPhase;
			buildActionMask = 2147483647;
			files = (
				F160C18E1403719900290128 /* Film.m in Sources */,
				F160C1911403719900290128 /* goodfilmsAppDelegate.m in Sources */,
				F160C1921403719900290128 /* main.m in Sources */,
				F160C1931403719900290128 /* QueueViewController.m in Sources */,
				F160C1951403719900290128 /* SearchViewController.m in Sources */,
				F160C1971403719900290128 /* User.m in Sources */,
				F160C19E1403722900290128 /* Api.m in Sources */,
			);
			runOnlyForDeploymentPostprocessing = 0;
		};
		F164DA4614035A48005D786F /* Sources */ = {
			isa = PBXSourcesBuildPhase;
			buildActionMask = 2147483647;
			files = (
				F164DA5C14035A48005D786F /* goodfilmsTests.m in Sources */,
			);
			runOnlyForDeploymentPostprocessing = 0;
		};
/* End PBXSourcesBuildPhase section */

/* Begin PBXTargetDependency section */
		F164DA5214035A48005D786F /* PBXTargetDependency */ = {
			isa = PBXTargetDependency;
			target = F164DA2014035A48005D786F /* goodfilms */;
			targetProxy = F164DA5114035A48005D786F /* PBXContainerItemProxy */;
		};
/* End PBXTargetDependency section */

/* Begin PBXVariantGroup section */
		F160C1781403719900290128 /* InfoPlist.strings */ = {
			isa = PBXVariantGroup;
			children = (
				F160C1791403719900290128 /* InfoPlist.strings */,
			);
			name = InfoPlist.strings;
			sourceTree = "<group>";
		};
		F160C17A1403719900290128 /* MainWindow.xib */ = {
			isa = PBXVariantGroup;
			children = (
				F160C17B1403719900290128 /* MainWindow.xib */,
			);
			name = MainWindow.xib;
			sourceTree = "<group>";
		};
		F164DA5614035A48005D786F /* InfoPlist.strings */ = {
			isa = PBXVariantGroup;
			children = (
				F164DA5714035A48005D786F /* InfoPlist.strings */,
			);
			name = InfoPlist.strings;
			sourceTree = "<group>";
		};
/* End PBXVariantGroup section */

/* Begin XCBuildConfiguration section */
		F164DA5D14035A48005D786F /* Debug */ = {
			isa = XCBuildConfiguration;
			baseConfigurationReference = F1BEDEA2140382FA009F915A /* Kit.xcconfig */;
			buildSettings = {
				ALWAYS_SEARCH_USER_PATHS = NO;
				ARCHS = "$(ARCHS_STANDARD_32_BIT)";
				"CODE_SIGN_IDENTITY[sdk=iphoneos*]" = "iPhone Developer";
				COPY_PHASE_STRIP = NO;
				GCC_C_LANGUAGE_STANDARD = gnu99;
				GCC_DYNAMIC_NO_PIC = NO;
				GCC_OPTIMIZATION_LEVEL = 0;
				GCC_PREPROCESSOR_DEFINITIONS = (
					"DEBUG=1",
					"$(inherited)",
				);
				GCC_SYMBOLS_PRIVATE_EXTERN = NO;
				GCC_VERSION = com.apple.compilers.llvmgcc42;
				GCC_WARN_ABOUT_MISSING_PROTOTYPES = YES;
				GCC_WARN_ABOUT_RETURN_TYPE = YES;
				GCC_WARN_UNUSED_VARIABLE = YES;
				IPHONEOS_DEPLOYMENT_TARGET = 4.3;
				SDKROOT = iphoneos;
			};
			name = Debug;
		};
		F164DA5E14035A48005D786F /* Release */ = {
			isa = XCBuildConfiguration;
			baseConfigurationReference = F1BEDEA2140382FA009F915A /* Kit.xcconfig */;
			buildSettings = {
				ALWAYS_SEARCH_USER_PATHS = NO;
				ARCHS = "$(ARCHS_STANDARD_32_BIT)";
				"CODE_SIGN_IDENTITY[sdk=iphoneos*]" = "iPhone Developer";
				COPY_PHASE_STRIP = YES;
				GCC_C_LANGUAGE_STANDARD = gnu99;
				GCC_VERSION = com.apple.compilers.llvmgcc42;
				GCC_WARN_ABOUT_MISSING_PROTOTYPES = YES;
				GCC_WARN_ABOUT_RETURN_TYPE = YES;
				GCC_WARN_UNUSED_VARIABLE = YES;
				IPHONEOS_DEPLOYMENT_TARGET = 4.3;
				OTHER_CFLAGS = "-DNS_BLOCK_ASSERTIONS=1";
				SDKROOT = iphoneos;
				VALIDATE_PRODUCT = YES;
			};
			name = Release;
		};
		F164DA6014035A48005D786F /* Debug */ = {
			isa = XCBuildConfiguration;
			buildSettings = {
				CODE_SIGN_ENTITLEMENTS = src/goodfilms.entitlements;
				GCC_PRECOMPILE_PREFIX_HEADER = YES;
				GCC_PREFIX_HEADER = "src/goodfilms-Prefix.pch";
				INFOPLIST_FILE = "src/goodfilms-Info.plist";
				PRODUCT_NAME = "$(TARGET_NAME)";
				TARGETED_DEVICE_FAMILY = 1;
				WRAPPER_EXTENSION = app;
			};
			name = Debug;
		};
		F164DA6114035A48005D786F /* Release */ = {
			isa = XCBuildConfiguration;
			buildSettings = {
				CODE_SIGN_ENTITLEMENTS = src/goodfilms.entitlements;
				GCC_PRECOMPILE_PREFIX_HEADER = YES;
				GCC_PREFIX_HEADER = "src/goodfilms-Prefix.pch";
				INFOPLIST_FILE = "src/goodfilms-Info.plist";
				PRODUCT_NAME = "$(TARGET_NAME)";
				TARGETED_DEVICE_FAMILY = 1;
				WRAPPER_EXTENSION = app;
			};
			name = Release;
		};
		F164DA6314035A48005D786F /* Debug */ = {
			isa = XCBuildConfiguration;
			buildSettings = {
				BUNDLE_LOADER = "$(BUILT_PRODUCTS_DIR)/goodfilms.app/goodfilms";
				FRAMEWORK_SEARCH_PATHS = (
					"$(SDKROOT)/Developer/Library/Frameworks",
					"$(DEVELOPER_LIBRARY_DIR)/Frameworks",
				);
				GCC_PRECOMPILE_PREFIX_HEADER = YES;
				GCC_PREFIX_HEADER = "goodfilms/goodfilms-Prefix.pch";
				INFOPLIST_FILE = "goodfilmsTests/goodfilmsTests-Info.plist";
				PRODUCT_NAME = "$(TARGET_NAME)";
				TEST_HOST = "$(BUNDLE_LOADER)";
				WRAPPER_EXTENSION = octest;
			};
			name = Debug;
		};
		F164DA6414035A48005D786F /* Release */ = {
			isa = XCBuildConfiguration;
			buildSettings = {
				BUNDLE_LOADER = "$(BUILT_PRODUCTS_DIR)/goodfilms.app/goodfilms";
				FRAMEWORK_SEARCH_PATHS = (
					"$(SDKROOT)/Developer/Library/Frameworks",
					"$(DEVELOPER_LIBRARY_DIR)/Frameworks",
				);
				GCC_PRECOMPILE_PREFIX_HEADER = YES;
				GCC_PREFIX_HEADER = "goodfilms/goodfilms-Prefix.pch";
				INFOPLIST_FILE = "goodfilmsTests/goodfilmsTests-Info.plist";
				PRODUCT_NAME = "$(TARGET_NAME)";
				TEST_HOST = "$(BUNDLE_LOADER)";
				WRAPPER_EXTENSION = octest;
			};
			name = Release;
		};
/* End XCBuildConfiguration section */

/* Begin XCConfigurationList section */
		F164DA1B14035A48005D786F /* Build configuration list for PBXProject "goodfilms" */ = {
			isa = XCConfigurationList;
			buildConfigurations = (
				F164DA5D14035A48005D786F /* Debug */,
				F164DA5E14035A48005D786F /* Release */,
			);
			defaultConfigurationIsVisible = 0;
			defaultConfigurationName = Release;
		};
		F164DA5F14035A48005D786F /* Build configuration list for PBXNativeTarget "goodfilms" */ = {
			isa = XCConfigurationList;
			buildConfigurations = (
				F164DA6014035A48005D786F /* Debug */,
				F164DA6114035A48005D786F /* Release */,
			);
			defaultConfigurationIsVisible = 0;
			defaultConfigurationName = Release;
		};
		F164DA6214035A48005D786F /* Build configuration list for PBXNativeTarget "goodfilmsTests" */ = {
			isa = XCConfigurationList;
			buildConfigurations = (
				F164DA6314035A48005D786F /* Debug */,
				F164DA6414035A48005D786F /* Release */,
			);
			defaultConfigurationIsVisible = 0;
			defaultConfigurationName = Release;
		};
/* End XCConfigurationList section */
	};
	rootObject = F164DA1814035A48005D786F /* Project object */;
}
