// !$*UTF8*$!
{
	archiveVersion = 1;
	classes = {
	};
	objectVersion = 46;
	objects = {

/* Begin PBXBuildFile section */
		471B07CB1436A18500659E8D /* FilmTableViewCell.m in Sources */ = {isa = PBXBuildFile; fileRef = 471B07CA1436A18500659E8D /* FilmTableViewCell.m */; };
		4728C31014522E6B008A9E6C /* Lato-Black.ttf in Resources */ = {isa = PBXBuildFile; fileRef = 4728C2FF14522E6B008A9E6C /* Lato-Black.ttf */; };
		4728C31114522E6B008A9E6C /* Lato-BlackItalic.ttf in Resources */ = {isa = PBXBuildFile; fileRef = 4728C30014522E6B008A9E6C /* Lato-BlackItalic.ttf */; };
		4728C31214522E6B008A9E6C /* Lato-Bold.ttf in Resources */ = {isa = PBXBuildFile; fileRef = 4728C30114522E6B008A9E6C /* Lato-Bold.ttf */; };
		4728C31314522E6B008A9E6C /* Lato-BoldItalic.ttf in Resources */ = {isa = PBXBuildFile; fileRef = 4728C30214522E6B008A9E6C /* Lato-BoldItalic.ttf */; };
		4728C31414522E6B008A9E6C /* Lato-Hairline.ttf in Resources */ = {isa = PBXBuildFile; fileRef = 4728C30314522E6B008A9E6C /* Lato-Hairline.ttf */; };
		4728C31514522E6B008A9E6C /* Lato-HairlineItalic.ttf in Resources */ = {isa = PBXBuildFile; fileRef = 4728C30414522E6B008A9E6C /* Lato-HairlineItalic.ttf */; };
		4728C31614522E6B008A9E6C /* Lato-Italic.ttf in Resources */ = {isa = PBXBuildFile; fileRef = 4728C30514522E6B008A9E6C /* Lato-Italic.ttf */; };
		4728C31714522E6B008A9E6C /* Lato-Light.ttf in Resources */ = {isa = PBXBuildFile; fileRef = 4728C30614522E6B008A9E6C /* Lato-Light.ttf */; };
		4728C31814522E6B008A9E6C /* Lato-LightItalic.ttf in Resources */ = {isa = PBXBuildFile; fileRef = 4728C30714522E6B008A9E6C /* Lato-LightItalic.ttf */; };
		4728C31914522E6B008A9E6C /* Lato-Regular.menu in Resources */ = {isa = PBXBuildFile; fileRef = 4728C30814522E6B008A9E6C /* Lato-Regular.menu */; };
		4728C31A14522E6B008A9E6C /* Lato-Regular.ttf in Resources */ = {isa = PBXBuildFile; fileRef = 4728C30914522E6B008A9E6C /* Lato-Regular.ttf */; };
		4728C31B14522E6B008A9E6C /* md5sum in Resources */ = {isa = PBXBuildFile; fileRef = 4728C30A14522E6B008A9E6C /* md5sum */; };
		4728C31C14522E6B008A9E6C /* METADATA in Resources */ = {isa = PBXBuildFile; fileRef = 4728C30B14522E6B008A9E6C /* METADATA */; };
		4728C31D14522E6B008A9E6C /* OFL.txt in Resources */ = {isa = PBXBuildFile; fileRef = 4728C30C14522E6B008A9E6C /* OFL.txt */; };
		4728C31E14522E6B008A9E6C /* Łukasz_Dziedzic-colour.jpg in Resources */ = {isa = PBXBuildFile; fileRef = 4728C30E14522E6B008A9E6C /* Łukasz_Dziedzic-colour.jpg */; };
		4728C31F14522E6B008A9E6C /* Łukasz_Dziedzic.jpg in Resources */ = {isa = PBXBuildFile; fileRef = 4728C30F14522E6B008A9E6C /* Łukasz_Dziedzic.jpg */; };
		47357F1D14528CC0009CBC05 /* AddRatingViewController.m in Sources */ = {isa = PBXBuildFile; fileRef = 47357F1B14528CC0009CBC05 /* AddRatingViewController.m */; };
		47357F1E14528CC0009CBC05 /* AddRatingViewController.xib in Resources */ = {isa = PBXBuildFile; fileRef = 47357F1C14528CC0009CBC05 /* AddRatingViewController.xib */; };
		473B6E63143084E500E948CF /* JSON.m in Sources */ = {isa = PBXBuildFile; fileRef = 473B6E62143084E500E948CF /* JSON.m */; };
		473B6E64143084E500E948CF /* JSON.m in Sources */ = {isa = PBXBuildFile; fileRef = 473B6E62143084E500E948CF /* JSON.m */; };
		473B6E67143085FF00E948CF /* HTTP.m in Sources */ = {isa = PBXBuildFile; fileRef = 473B6E66143085FF00E948CF /* HTTP.m */; };
		473B6E68143085FF00E948CF /* HTTP.m in Sources */ = {isa = PBXBuildFile; fileRef = 473B6E66143085FF00E948CF /* HTTP.m */; };
		473B6E6C14308C5300E948CF /* HTTPSpec.m in Sources */ = {isa = PBXBuildFile; fileRef = 473B6E6B14308C5300E948CF /* HTTPSpec.m */; };
		473B6E6E14308F4900E948CF /* FilmViewController.m in Sources */ = {isa = PBXBuildFile; fileRef = F1507F8C1404CA0800137C24 /* FilmViewController.m */; };
		473B6E6F14308F4900E948CF /* Api.m in Sources */ = {isa = PBXBuildFile; fileRef = F160C19D1403722900290128 /* Api.m */; };
		473B6E7014308F4900E948CF /* Film.m in Sources */ = {isa = PBXBuildFile; fileRef = F160C17D1403719900290128 /* Film.m */; };
		473B6E7214308F4900E948CF /* goodfilmsAppDelegate.m in Sources */ = {isa = PBXBuildFile; fileRef = F160C1821403719900290128 /* goodfilmsAppDelegate.m */; };
		473B6E7314308F4900E948CF /* QueueViewController.m in Sources */ = {isa = PBXBuildFile; fileRef = F160C1851403719900290128 /* QueueViewController.m */; };
		473B6E7414308F4900E948CF /* SearchViewController.m in Sources */ = {isa = PBXBuildFile; fileRef = F160C1881403719900290128 /* SearchViewController.m */; };
		477F81F8144C3374009A4D73 /* libz.1.2.5.dylib in Frameworks */ = {isa = PBXBuildFile; fileRef = 477F81F7144C3374009A4D73 /* libz.1.2.5.dylib */; };
		47B0C7A41416224700D7AB1C /* SignInViewController.m in Sources */ = {isa = PBXBuildFile; fileRef = 47B0C7A21416224700D7AB1C /* SignInViewController.m */; };
		47B0C7A51416224700D7AB1C /* SignInViewController.m in Sources */ = {isa = PBXBuildFile; fileRef = 47B0C7A21416224700D7AB1C /* SignInViewController.m */; };
		47B0C7A61416224700D7AB1C /* SignInViewController.xib in Resources */ = {isa = PBXBuildFile; fileRef = 47B0C7A31416224700D7AB1C /* SignInViewController.xib */; };
		47B0C7A71416224700D7AB1C /* SignInViewController.xib in Resources */ = {isa = PBXBuildFile; fileRef = 47B0C7A31416224700D7AB1C /* SignInViewController.xib */; };
		47B0C7AC14162A9D00D7AB1C /* logo.png in Resources */ = {isa = PBXBuildFile; fileRef = 47B0C7AB14162A9D00D7AB1C /* logo.png */; };
		47B0C7AD14162A9D00D7AB1C /* logo.png in Resources */ = {isa = PBXBuildFile; fileRef = 47B0C7AB14162A9D00D7AB1C /* logo.png */; };
		47B0C7AF14162EBD00D7AB1C /* Default.png in Resources */ = {isa = PBXBuildFile; fileRef = 47B0C7AE14162EBD00D7AB1C /* Default.png */; };
		47B0C7B014162EBD00D7AB1C /* Default.png in Resources */ = {isa = PBXBuildFile; fileRef = 47B0C7AE14162EBD00D7AB1C /* Default.png */; };
		47B5ED7E143B252000320877 /* FilmStub.m in Sources */ = {isa = PBXBuildFile; fileRef = 47B5ED7D143B252000320877 /* FilmStub.m */; };
		47B5ED7F143B252000320877 /* FilmStub.m in Sources */ = {isa = PBXBuildFile; fileRef = 47B5ED7D143B252000320877 /* FilmStub.m */; };
		47BBDDBD144465BB00D667D7 /* EGORefreshTableHeaderView.m in Sources */ = {isa = PBXBuildFile; fileRef = 47BBDDB4144465BB00D667D7 /* EGORefreshTableHeaderView.m */; };
		47BBDDBE144465BB00D667D7 /* blackArrow.png in Resources */ = {isa = PBXBuildFile; fileRef = 47BBDDB5144465BB00D667D7 /* blackArrow.png */; };
		47BBDDBF144465BB00D667D7 /* blackArrow@2x.png in Resources */ = {isa = PBXBuildFile; fileRef = 47BBDDB6144465BB00D667D7 /* blackArrow@2x.png */; };
		47BBDDC0144465BB00D667D7 /* blueArrow.png in Resources */ = {isa = PBXBuildFile; fileRef = 47BBDDB7144465BB00D667D7 /* blueArrow.png */; };
		47BBDDC1144465BB00D667D7 /* blueArrow@2x.png in Resources */ = {isa = PBXBuildFile; fileRef = 47BBDDB8144465BB00D667D7 /* blueArrow@2x.png */; };
		47BBDDC2144465BB00D667D7 /* grayArrow.png in Resources */ = {isa = PBXBuildFile; fileRef = 47BBDDB9144465BB00D667D7 /* grayArrow.png */; };
		47BBDDC3144465BB00D667D7 /* grayArrow@2x.png in Resources */ = {isa = PBXBuildFile; fileRef = 47BBDDBA144465BB00D667D7 /* grayArrow@2x.png */; };
		47BBDDC4144465BB00D667D7 /* whiteArrow.png in Resources */ = {isa = PBXBuildFile; fileRef = 47BBDDBB144465BB00D667D7 /* whiteArrow.png */; };
		47BBDDC5144465BB00D667D7 /* whiteArrow@2x.png in Resources */ = {isa = PBXBuildFile; fileRef = 47BBDDBC144465BB00D667D7 /* whiteArrow@2x.png */; };
		47BBDDC7144466E700D667D7 /* QuartzCore.framework in Frameworks */ = {isa = PBXBuildFile; fileRef = 47BBDDC6144466E700D667D7 /* QuartzCore.framework */; };
		47BCACCE14274799003D96D5 /* FBDialog.bundle in Resources */ = {isa = PBXBuildFile; fileRef = 47BCACCD14274799003D96D5 /* FBDialog.bundle */; };
		F10DA12F140488D7007765C7 /* 45-movie-1.png in Resources */ = {isa = PBXBuildFile; fileRef = F10DA12E140488D7007765C7 /* 45-movie-1.png */; };
		F118131714037B3C000DF820 /* rango-w342.jpg in Resources */ = {isa = PBXBuildFile; fileRef = F118131614037B3C000DF820 /* rango-w342.jpg */; };
		F1507F8E1404CA0800137C24 /* FilmViewController.m in Sources */ = {isa = PBXBuildFile; fileRef = F1507F8C1404CA0800137C24 /* FilmViewController.m */; };
		F1507F8F1404CA0800137C24 /* FilmViewController.xib in Resources */ = {isa = PBXBuildFile; fileRef = F1507F8D1404CA0800137C24 /* FilmViewController.xib */; };
		F160C18C1403719900290128 /* InfoPlist.strings in Resources */ = {isa = PBXBuildFile; fileRef = F160C1781403719900290128 /* InfoPlist.strings */; };
		F160C18D1403719900290128 /* MainWindow.xib in Resources */ = {isa = PBXBuildFile; fileRef = F160C17A1403719900290128 /* MainWindow.xib */; };
		F160C18E1403719900290128 /* Film.m in Sources */ = {isa = PBXBuildFile; fileRef = F160C17D1403719900290128 /* Film.m */; };
		F160C18F1403719900290128 /* goodfilms-Info.plist in Resources */ = {isa = PBXBuildFile; fileRef = F160C17E1403719900290128 /* goodfilms-Info.plist */; };
		F160C1901403719900290128 /* goodfilms.entitlements in Resources */ = {isa = PBXBuildFile; fileRef = F160C1801403719900290128 /* goodfilms.entitlements */; };
		F160C1911403719900290128 /* goodfilmsAppDelegate.m in Sources */ = {isa = PBXBuildFile; fileRef = F160C1821403719900290128 /* goodfilmsAppDelegate.m */; };
		F160C1921403719900290128 /* main.m in Sources */ = {isa = PBXBuildFile; fileRef = F160C1831403719900290128 /* main.m */; };
		F160C1931403719900290128 /* QueueViewController.m in Sources */ = {isa = PBXBuildFile; fileRef = F160C1851403719900290128 /* QueueViewController.m */; };
		F160C1941403719900290128 /* QueueViewController.xib in Resources */ = {isa = PBXBuildFile; fileRef = F160C1861403719900290128 /* QueueViewController.xib */; };
		F160C1951403719900290128 /* SearchViewController.m in Sources */ = {isa = PBXBuildFile; fileRef = F160C1881403719900290128 /* SearchViewController.m */; };
		F160C1961403719900290128 /* SearchViewController.xib in Resources */ = {isa = PBXBuildFile; fileRef = F160C1891403719900290128 /* SearchViewController.xib */; };
		F160C19E1403722900290128 /* Api.m in Sources */ = {isa = PBXBuildFile; fileRef = F160C19D1403722900290128 /* Api.m */; };
		F164DA2614035A48005D786F /* UIKit.framework in Frameworks */ = {isa = PBXBuildFile; fileRef = F164DA2514035A48005D786F /* UIKit.framework */; };
		F164DA2814035A48005D786F /* Foundation.framework in Frameworks */ = {isa = PBXBuildFile; fileRef = F164DA2714035A48005D786F /* Foundation.framework */; };
		F164DA2A14035A48005D786F /* CoreGraphics.framework in Frameworks */ = {isa = PBXBuildFile; fileRef = F164DA2914035A48005D786F /* CoreGraphics.framework */; };
		F164DA4D14035A48005D786F /* SenTestingKit.framework in Frameworks */ = {isa = PBXBuildFile; fileRef = F164DA4C14035A48005D786F /* SenTestingKit.framework */; };
		F164DA4E14035A48005D786F /* UIKit.framework in Frameworks */ = {isa = PBXBuildFile; fileRef = F164DA2514035A48005D786F /* UIKit.framework */; };
		F164DA4F14035A48005D786F /* Foundation.framework in Frameworks */ = {isa = PBXBuildFile; fileRef = F164DA2714035A48005D786F /* Foundation.framework */; };
		F164DA5014035A48005D786F /* CoreGraphics.framework in Frameworks */ = {isa = PBXBuildFile; fileRef = F164DA2914035A48005D786F /* CoreGraphics.framework */; };
		F164DA5814035A48005D786F /* InfoPlist.strings in Resources */ = {isa = PBXBuildFile; fileRef = F164DA5614035A48005D786F /* InfoPlist.strings */; };
		F189935C14038BDF00CE83C2 /* CFNetwork.framework in Frameworks */ = {isa = PBXBuildFile; fileRef = F189935B14038BDF00CE83C2 /* CFNetwork.framework */; };
		F189935E14038BE900CE83C2 /* SystemConfiguration.framework in Frameworks */ = {isa = PBXBuildFile; fileRef = F189935D14038BE900CE83C2 /* SystemConfiguration.framework */; };
		F189936614038C5000CE83C2 /* MobileCoreServices.framework in Frameworks */ = {isa = PBXBuildFile; fileRef = F189936514038C5000CE83C2 /* MobileCoreServices.framework */; };
		F1BEDEA9140382FA009F915A /* Kit.xcconfig in Resources */ = {isa = PBXBuildFile; fileRef = F1BEDEA2140382FA009F915A /* Kit.xcconfig */; };
		F1BEDEAE14038373009F915A /* libKitDeps.a in Frameworks */ = {isa = PBXBuildFile; fileRef = F1BEDEAD140382FB009F915A /* libKitDeps.a */; };
/* End PBXBuildFile section */

/* Begin PBXContainerItemProxy section */
		F164DA5114035A48005D786F /* PBXContainerItemProxy */ = {
			isa = PBXContainerItemProxy;
			containerPortal = F164DA1814035A48005D786F /* Project object */;
			proxyType = 1;
			remoteGlobalIDString = F164DA2014035A48005D786F;
			remoteInfo = goodfilms;
		};
		F1BEDEAC140382FB009F915A /* PBXContainerItemProxy */ = {
			isa = PBXContainerItemProxy;
			containerPortal = F1BEDEA3140382FA009F915A /* KitDeps.xcodeproj */;
			proxyType = 2;
			remoteGlobalIDString = D2AAC07E0554694100DB518D;
			remoteInfo = KitDeps;
		};
/* End PBXContainerItemProxy section */

/* Begin PBXFileReference section */
		471B07C91436A18500659E8D /* FilmTableViewCell.h */ = {isa = PBXFileReference; fileEncoding = 4; lastKnownFileType = sourcecode.c.h; path = FilmTableViewCell.h; sourceTree = "<group>"; };
		471B07CA1436A18500659E8D /* FilmTableViewCell.m */ = {isa = PBXFileReference; fileEncoding = 4; lastKnownFileType = sourcecode.c.objc; path = FilmTableViewCell.m; sourceTree = "<group>"; };
		4728C2FF14522E6B008A9E6C /* Lato-Black.ttf */ = {isa = PBXFileReference; lastKnownFileType = file; path = "Lato-Black.ttf"; sourceTree = "<group>"; };
		4728C30014522E6B008A9E6C /* Lato-BlackItalic.ttf */ = {isa = PBXFileReference; lastKnownFileType = file; path = "Lato-BlackItalic.ttf"; sourceTree = "<group>"; };
		4728C30114522E6B008A9E6C /* Lato-Bold.ttf */ = {isa = PBXFileReference; lastKnownFileType = file; path = "Lato-Bold.ttf"; sourceTree = "<group>"; };
		4728C30214522E6B008A9E6C /* Lato-BoldItalic.ttf */ = {isa = PBXFileReference; lastKnownFileType = file; path = "Lato-BoldItalic.ttf"; sourceTree = "<group>"; };
		4728C30314522E6B008A9E6C /* Lato-Hairline.ttf */ = {isa = PBXFileReference; lastKnownFileType = file; path = "Lato-Hairline.ttf"; sourceTree = "<group>"; };
		4728C30414522E6B008A9E6C /* Lato-HairlineItalic.ttf */ = {isa = PBXFileReference; lastKnownFileType = file; path = "Lato-HairlineItalic.ttf"; sourceTree = "<group>"; };
		4728C30514522E6B008A9E6C /* Lato-Italic.ttf */ = {isa = PBXFileReference; lastKnownFileType = file; path = "Lato-Italic.ttf"; sourceTree = "<group>"; };
		4728C30614522E6B008A9E6C /* Lato-Light.ttf */ = {isa = PBXFileReference; lastKnownFileType = file; path = "Lato-Light.ttf"; sourceTree = "<group>"; };
		4728C30714522E6B008A9E6C /* Lato-LightItalic.ttf */ = {isa = PBXFileReference; lastKnownFileType = file; path = "Lato-LightItalic.ttf"; sourceTree = "<group>"; };
		4728C30814522E6B008A9E6C /* Lato-Regular.menu */ = {isa = PBXFileReference; lastKnownFileType = file; path = "Lato-Regular.menu"; sourceTree = "<group>"; };
		4728C30914522E6B008A9E6C /* Lato-Regular.ttf */ = {isa = PBXFileReference; lastKnownFileType = file; path = "Lato-Regular.ttf"; sourceTree = "<group>"; };
		4728C30A14522E6B008A9E6C /* md5sum */ = {isa = PBXFileReference; fileEncoding = 4; lastKnownFileType = text; path = md5sum; sourceTree = "<group>"; };
		4728C30B14522E6B008A9E6C /* METADATA */ = {isa = PBXFileReference; fileEncoding = 4; lastKnownFileType = text; path = METADATA; sourceTree = "<group>"; };
		4728C30C14522E6B008A9E6C /* OFL.txt */ = {isa = PBXFileReference; fileEncoding = 4; lastKnownFileType = text; path = OFL.txt; sourceTree = "<group>"; };
		4728C30E14522E6B008A9E6C /* Łukasz_Dziedzic-colour.jpg */ = {isa = PBXFileReference; lastKnownFileType = image.jpeg; path = "Łukasz_Dziedzic-colour.jpg"; sourceTree = "<group>"; };
		4728C30F14522E6B008A9E6C /* Łukasz_Dziedzic.jpg */ = {isa = PBXFileReference; lastKnownFileType = image.jpeg; path = "Łukasz_Dziedzic.jpg"; sourceTree = "<group>"; };
		47357F1A14528CC0009CBC05 /* AddRatingViewController.h */ = {isa = PBXFileReference; fileEncoding = 4; lastKnownFileType = sourcecode.c.h; path = AddRatingViewController.h; sourceTree = "<group>"; };
		47357F1B14528CC0009CBC05 /* AddRatingViewController.m */ = {isa = PBXFileReference; fileEncoding = 4; lastKnownFileType = sourcecode.c.objc; path = AddRatingViewController.m; sourceTree = "<group>"; };
		47357F1C14528CC0009CBC05 /* AddRatingViewController.xib */ = {isa = PBXFileReference; fileEncoding = 4; lastKnownFileType = file.xib; path = AddRatingViewController.xib; sourceTree = "<group>"; };
		473B6E61143084E500E948CF /* JSON.h */ = {isa = PBXFileReference; fileEncoding = 4; lastKnownFileType = sourcecode.c.h; path = JSON.h; sourceTree = "<group>"; };
		473B6E62143084E500E948CF /* JSON.m */ = {isa = PBXFileReference; fileEncoding = 4; lastKnownFileType = sourcecode.c.objc; path = JSON.m; sourceTree = "<group>"; };
		473B6E65143085FF00E948CF /* HTTP.h */ = {isa = PBXFileReference; fileEncoding = 4; lastKnownFileType = sourcecode.c.h; path = HTTP.h; sourceTree = "<group>"; };
		473B6E66143085FF00E948CF /* HTTP.m */ = {isa = PBXFileReference; fileEncoding = 4; lastKnownFileType = sourcecode.c.objc; path = HTTP.m; sourceTree = "<group>"; };
		473B6E6A14308C5300E948CF /* HTTPSpec.h */ = {isa = PBXFileReference; fileEncoding = 4; lastKnownFileType = sourcecode.c.h; name = HTTPSpec.h; path = ../test/HTTPSpec.h; sourceTree = "<group>"; };
		473B6E6B14308C5300E948CF /* HTTPSpec.m */ = {isa = PBXFileReference; fileEncoding = 4; lastKnownFileType = sourcecode.c.objc; name = HTTPSpec.m; path = ../test/HTTPSpec.m; sourceTree = "<group>"; };
		477F81F7144C3374009A4D73 /* libz.1.2.5.dylib */ = {isa = PBXFileReference; lastKnownFileType = "compiled.mach-o.dylib"; name = libz.1.2.5.dylib; path = usr/lib/libz.1.2.5.dylib; sourceTree = SDKROOT; };
		47B0C7A11416224700D7AB1C /* SignInViewController.h */ = {isa = PBXFileReference; fileEncoding = 4; lastKnownFileType = sourcecode.c.h; path = SignInViewController.h; sourceTree = "<group>"; };
		47B0C7A21416224700D7AB1C /* SignInViewController.m */ = {isa = PBXFileReference; fileEncoding = 4; lastKnownFileType = sourcecode.c.objc; path = SignInViewController.m; sourceTree = "<group>"; };
		47B0C7A31416224700D7AB1C /* SignInViewController.xib */ = {isa = PBXFileReference; fileEncoding = 4; lastKnownFileType = file.xib; path = SignInViewController.xib; sourceTree = "<group>"; };
		47B0C7AB14162A9D00D7AB1C /* logo.png */ = {isa = PBXFileReference; lastKnownFileType = image.png; path = logo.png; sourceTree = "<group>"; };
		47B0C7AE14162EBD00D7AB1C /* Default.png */ = {isa = PBXFileReference; lastKnownFileType = image.png; path = Default.png; sourceTree = "<group>"; };
		47B5ED7C143B252000320877 /* FilmStub.h */ = {isa = PBXFileReference; fileEncoding = 4; lastKnownFileType = sourcecode.c.h; path = FilmStub.h; sourceTree = "<group>"; };
		47B5ED7D143B252000320877 /* FilmStub.m */ = {isa = PBXFileReference; fileEncoding = 4; lastKnownFileType = sourcecode.c.objc; path = FilmStub.m; sourceTree = "<group>"; };
		47BBDDB3144465BB00D667D7 /* EGORefreshTableHeaderView.h */ = {isa = PBXFileReference; fileEncoding = 4; lastKnownFileType = sourcecode.c.h; path = EGORefreshTableHeaderView.h; sourceTree = "<group>"; };
		47BBDDB4144465BB00D667D7 /* EGORefreshTableHeaderView.m */ = {isa = PBXFileReference; fileEncoding = 4; lastKnownFileType = sourcecode.c.objc; path = EGORefreshTableHeaderView.m; sourceTree = "<group>"; };
		47BBDDB5144465BB00D667D7 /* blackArrow.png */ = {isa = PBXFileReference; lastKnownFileType = image.png; path = blackArrow.png; sourceTree = "<group>"; };
		47BBDDB6144465BB00D667D7 /* blackArrow@2x.png */ = {isa = PBXFileReference; lastKnownFileType = image.png; path = "blackArrow@2x.png"; sourceTree = "<group>"; };
		47BBDDB7144465BB00D667D7 /* blueArrow.png */ = {isa = PBXFileReference; lastKnownFileType = image.png; path = blueArrow.png; sourceTree = "<group>"; };
		47BBDDB8144465BB00D667D7 /* blueArrow@2x.png */ = {isa = PBXFileReference; lastKnownFileType = image.png; path = "blueArrow@2x.png"; sourceTree = "<group>"; };
		47BBDDB9144465BB00D667D7 /* grayArrow.png */ = {isa = PBXFileReference; lastKnownFileType = image.png; path = grayArrow.png; sourceTree = "<group>"; };
		47BBDDBA144465BB00D667D7 /* grayArrow@2x.png */ = {isa = PBXFileReference; lastKnownFileType = image.png; path = "grayArrow@2x.png"; sourceTree = "<group>"; };
		47BBDDBB144465BB00D667D7 /* whiteArrow.png */ = {isa = PBXFileReference; lastKnownFileType = image.png; path = whiteArrow.png; sourceTree = "<group>"; };
		47BBDDBC144465BB00D667D7 /* whiteArrow@2x.png */ = {isa = PBXFileReference; lastKnownFileType = image.png; path = "whiteArrow@2x.png"; sourceTree = "<group>"; };
		47BBDDC6144466E700D667D7 /* QuartzCore.framework */ = {isa = PBXFileReference; lastKnownFileType = wrapper.framework; name = QuartzCore.framework; path = System/Library/Frameworks/QuartzCore.framework; sourceTree = SDKROOT; };
		47BCACCD14274799003D96D5 /* FBDialog.bundle */ = {isa = PBXFileReference; lastKnownFileType = "wrapper.plug-in"; name = FBDialog.bundle; path = "dev-packages/facebook-ios-sdk/resources/FBDialog.bundle"; sourceTree = SOURCE_ROOT; };
		F10DA12E140488D7007765C7 /* 45-movie-1.png */ = {isa = PBXFileReference; lastKnownFileType = image.png; path = "45-movie-1.png"; sourceTree = "<group>"; };
		F118131614037B3C000DF820 /* rango-w342.jpg */ = {isa = PBXFileReference; lastKnownFileType = image.jpeg; path = "rango-w342.jpg"; sourceTree = "<group>"; };
		F1507F8B1404CA0800137C24 /* FilmViewController.h */ = {isa = PBXFileReference; fileEncoding = 4; lastKnownFileType = sourcecode.c.h; name = FilmViewController.h; path = ../assets/FilmViewController.h; sourceTree = "<group>"; };
		F1507F8C1404CA0800137C24 /* FilmViewController.m */ = {isa = PBXFileReference; fileEncoding = 4; lastKnownFileType = sourcecode.c.objc; name = FilmViewController.m; path = ../assets/FilmViewController.m; sourceTree = "<group>"; };
		F1507F8D1404CA0800137C24 /* FilmViewController.xib */ = {isa = PBXFileReference; fileEncoding = 4; lastKnownFileType = file.xib; name = FilmViewController.xib; path = ../assets/FilmViewController.xib; sourceTree = "<group>"; };
		F160C1791403719900290128 /* InfoPlist.strings */ = {isa = PBXFileReference; lastKnownFileType = text.plist.strings; name = InfoPlist.strings; path = en.lproj/InfoPlist.strings; sourceTree = "<group>"; };
		F160C17B1403719900290128 /* MainWindow.xib */ = {isa = PBXFileReference; lastKnownFileType = file.xib; name = MainWindow.xib; path = en.lproj/MainWindow.xib; sourceTree = "<group>"; };
		F160C17C1403719900290128 /* Film.h */ = {isa = PBXFileReference; fileEncoding = 4; lastKnownFileType = sourcecode.c.h; path = Film.h; sourceTree = "<group>"; };
		F160C17D1403719900290128 /* Film.m */ = {isa = PBXFileReference; fileEncoding = 4; lastKnownFileType = sourcecode.c.objc; path = Film.m; sourceTree = "<group>"; };
		F160C17E1403719900290128 /* goodfilms-Info.plist */ = {isa = PBXFileReference; fileEncoding = 4; lastKnownFileType = text.plist.xml; path = "goodfilms-Info.plist"; sourceTree = "<group>"; };
		F160C17F1403719900290128 /* goodfilms-Prefix.pch */ = {isa = PBXFileReference; fileEncoding = 4; lastKnownFileType = sourcecode.c.h; path = "goodfilms-Prefix.pch"; sourceTree = "<group>"; };
		F160C1801403719900290128 /* goodfilms.entitlements */ = {isa = PBXFileReference; fileEncoding = 4; lastKnownFileType = text.xml; path = goodfilms.entitlements; sourceTree = "<group>"; };
		F160C1811403719900290128 /* goodfilmsAppDelegate.h */ = {isa = PBXFileReference; fileEncoding = 4; lastKnownFileType = sourcecode.c.h; path = goodfilmsAppDelegate.h; sourceTree = "<group>"; };
		F160C1821403719900290128 /* goodfilmsAppDelegate.m */ = {isa = PBXFileReference; fileEncoding = 4; lastKnownFileType = sourcecode.c.objc; path = goodfilmsAppDelegate.m; sourceTree = "<group>"; };
		F160C1831403719900290128 /* main.m */ = {isa = PBXFileReference; fileEncoding = 4; lastKnownFileType = sourcecode.c.objc; path = main.m; sourceTree = "<group>"; };
		F160C1841403719900290128 /* QueueViewController.h */ = {isa = PBXFileReference; fileEncoding = 4; lastKnownFileType = sourcecode.c.h; path = QueueViewController.h; sourceTree = "<group>"; };
		F160C1851403719900290128 /* QueueViewController.m */ = {isa = PBXFileReference; fileEncoding = 4; lastKnownFileType = sourcecode.c.objc; path = QueueViewController.m; sourceTree = "<group>"; };
		F160C1861403719900290128 /* QueueViewController.xib */ = {isa = PBXFileReference; fileEncoding = 4; lastKnownFileType = file.xib; path = QueueViewController.xib; sourceTree = "<group>"; };
		F160C1871403719900290128 /* SearchViewController.h */ = {isa = PBXFileReference; fileEncoding = 4; lastKnownFileType = sourcecode.c.h; path = SearchViewController.h; sourceTree = "<group>"; };
		F160C1881403719900290128 /* SearchViewController.m */ = {isa = PBXFileReference; fileEncoding = 4; lastKnownFileType = sourcecode.c.objc; path = SearchViewController.m; sourceTree = "<group>"; };
		F160C1891403719900290128 /* SearchViewController.xib */ = {isa = PBXFileReference; fileEncoding = 4; lastKnownFileType = file.xib; path = SearchViewController.xib; sourceTree = "<group>"; };
		F160C19C1403722900290128 /* Api.h */ = {isa = PBXFileReference; fileEncoding = 4; lastKnownFileType = sourcecode.c.h; path = Api.h; sourceTree = "<group>"; };
		F160C19D1403722900290128 /* Api.m */ = {isa = PBXFileReference; fileEncoding = 4; lastKnownFileType = sourcecode.c.objc; path = Api.m; sourceTree = "<group>"; };
		F164DA2114035A48005D786F /* goodfilms.app */ = {isa = PBXFileReference; explicitFileType = wrapper.application; includeInIndex = 0; path = goodfilms.app; sourceTree = BUILT_PRODUCTS_DIR; };
		F164DA2514035A48005D786F /* UIKit.framework */ = {isa = PBXFileReference; lastKnownFileType = wrapper.framework; name = UIKit.framework; path = System/Library/Frameworks/UIKit.framework; sourceTree = SDKROOT; };
		F164DA2714035A48005D786F /* Foundation.framework */ = {isa = PBXFileReference; lastKnownFileType = wrapper.framework; name = Foundation.framework; path = System/Library/Frameworks/Foundation.framework; sourceTree = SDKROOT; };
		F164DA2914035A48005D786F /* CoreGraphics.framework */ = {isa = PBXFileReference; lastKnownFileType = wrapper.framework; name = CoreGraphics.framework; path = System/Library/Frameworks/CoreGraphics.framework; sourceTree = SDKROOT; };
		F164DA4B14035A48005D786F /* goodfilmsTests.octest */ = {isa = PBXFileReference; explicitFileType = wrapper.cfbundle; includeInIndex = 0; path = goodfilmsTests.octest; sourceTree = BUILT_PRODUCTS_DIR; };
		F164DA4C14035A48005D786F /* SenTestingKit.framework */ = {isa = PBXFileReference; lastKnownFileType = wrapper.framework; name = SenTestingKit.framework; path = Library/Frameworks/SenTestingKit.framework; sourceTree = DEVELOPER_DIR; };
		F164DA5514035A48005D786F /* goodfilmsTests-Info.plist */ = {isa = PBXFileReference; lastKnownFileType = text.plist.xml; path = "goodfilmsTests-Info.plist"; sourceTree = "<group>"; };
		F164DA5714035A48005D786F /* InfoPlist.strings */ = {isa = PBXFileReference; lastKnownFileType = text.plist.strings; name = InfoPlist.strings; path = en.lproj/InfoPlist.strings; sourceTree = "<group>"; };
		F189935B14038BDF00CE83C2 /* CFNetwork.framework */ = {isa = PBXFileReference; lastKnownFileType = wrapper.framework; name = CFNetwork.framework; path = System/Library/Frameworks/CFNetwork.framework; sourceTree = SDKROOT; };
		F189935D14038BE900CE83C2 /* SystemConfiguration.framework */ = {isa = PBXFileReference; lastKnownFileType = wrapper.framework; name = SystemConfiguration.framework; path = System/Library/Frameworks/SystemConfiguration.framework; sourceTree = SDKROOT; };
		F189936114038C0F00CE83C2 /* libiconv.2.dylib */ = {isa = PBXFileReference; lastKnownFileType = "compiled.mach-o.dylib"; name = libiconv.2.dylib; path = usr/lib/libiconv.2.dylib; sourceTree = SDKROOT; };
		F189936314038C2500CE83C2 /* libicucore.dylib */ = {isa = PBXFileReference; lastKnownFileType = "compiled.mach-o.dylib"; name = libicucore.dylib; path = usr/lib/libicucore.dylib; sourceTree = SDKROOT; };
		F189936514038C5000CE83C2 /* MobileCoreServices.framework */ = {isa = PBXFileReference; lastKnownFileType = wrapper.framework; name = MobileCoreServices.framework; path = System/Library/Frameworks/MobileCoreServices.framework; sourceTree = SDKROOT; };
		F1BEDEA2140382FA009F915A /* Kit.xcconfig */ = {isa = PBXFileReference; fileEncoding = 4; lastKnownFileType = text.xcconfig; name = Kit.xcconfig; path = Kits/Kit.xcconfig; sourceTree = "<group>"; };
		F1BEDEA3140382FA009F915A /* KitDeps.xcodeproj */ = {isa = PBXFileReference; lastKnownFileType = "wrapper.pb-project"; name = KitDeps.xcodeproj; path = Kits/KitDeps.xcodeproj; sourceTree = "<group>"; };
/* End PBXFileReference section */

/* Begin PBXFrameworksBuildPhase section */
		F164DA1E14035A48005D786F /* Frameworks */ = {
			isa = PBXFrameworksBuildPhase;
			buildActionMask = 2147483647;
			files = (
				477F81F8144C3374009A4D73 /* libz.1.2.5.dylib in Frameworks */,
				47BBDDC7144466E700D667D7 /* QuartzCore.framework in Frameworks */,
				F189936614038C5000CE83C2 /* MobileCoreServices.framework in Frameworks */,
				F189935E14038BE900CE83C2 /* SystemConfiguration.framework in Frameworks */,
				F189935C14038BDF00CE83C2 /* CFNetwork.framework in Frameworks */,
				F1BEDEAE14038373009F915A /* libKitDeps.a in Frameworks */,
				F164DA2614035A48005D786F /* UIKit.framework in Frameworks */,
				F164DA2814035A48005D786F /* Foundation.framework in Frameworks */,
				F164DA2A14035A48005D786F /* CoreGraphics.framework in Frameworks */,
			);
			runOnlyForDeploymentPostprocessing = 0;
		};
		F164DA4714035A48005D786F /* Frameworks */ = {
			isa = PBXFrameworksBuildPhase;
			buildActionMask = 2147483647;
			files = (
				F164DA4D14035A48005D786F /* SenTestingKit.framework in Frameworks */,
				F164DA4E14035A48005D786F /* UIKit.framework in Frameworks */,
				F164DA4F14035A48005D786F /* Foundation.framework in Frameworks */,
				F164DA5014035A48005D786F /* CoreGraphics.framework in Frameworks */,
			);
			runOnlyForDeploymentPostprocessing = 0;
		};
/* End PBXFrameworksBuildPhase section */

/* Begin PBXGroup section */
		471B07C81436A16E00659E8D /* UI */ = {
			isa = PBXGroup;
			children = (
				471B07C91436A18500659E8D /* FilmTableViewCell.h */,
				471B07CA1436A18500659E8D /* FilmTableViewCell.m */,
			);
			name = UI;
			sourceTree = "<group>";
		};
		4728C2FE14522E6B008A9E6C /* lato */ = {
			isa = PBXGroup;
			children = (
				4728C2FF14522E6B008A9E6C /* Lato-Black.ttf */,
				4728C30014522E6B008A9E6C /* Lato-BlackItalic.ttf */,
				4728C30114522E6B008A9E6C /* Lato-Bold.ttf */,
				4728C30214522E6B008A9E6C /* Lato-BoldItalic.ttf */,
				4728C30314522E6B008A9E6C /* Lato-Hairline.ttf */,
				4728C30414522E6B008A9E6C /* Lato-HairlineItalic.ttf */,
				4728C30514522E6B008A9E6C /* Lato-Italic.ttf */,
				4728C30614522E6B008A9E6C /* Lato-Light.ttf */,
				4728C30714522E6B008A9E6C /* Lato-LightItalic.ttf */,
				4728C30814522E6B008A9E6C /* Lato-Regular.menu */,
				4728C30914522E6B008A9E6C /* Lato-Regular.ttf */,
				4728C30A14522E6B008A9E6C /* md5sum */,
				4728C30B14522E6B008A9E6C /* METADATA */,
				4728C30C14522E6B008A9E6C /* OFL.txt */,
				4728C30D14522E6B008A9E6C /* src */,
			);
			path = lato;
			sourceTree = "<group>";
		};
		4728C30D14522E6B008A9E6C /* src */ = {
			isa = PBXGroup;
			children = (
				4728C30E14522E6B008A9E6C /* Łukasz_Dziedzic-colour.jpg */,
				4728C30F14522E6B008A9E6C /* Łukasz_Dziedzic.jpg */,
			);
			path = src;
			sourceTree = "<group>";
		};
		473B6E60143084C300E948CF /* Util */ = {
			isa = PBXGroup;
			children = (
				473B6E61143084E500E948CF /* JSON.h */,
				473B6E62143084E500E948CF /* JSON.m */,
				473B6E65143085FF00E948CF /* HTTP.h */,
				473B6E66143085FF00E948CF /* HTTP.m */,
			);
			name = Util;
			sourceTree = "<group>";
		};
		47BBDDAE144465BB00D667D7 /* src-external */ = {
			isa = PBXGroup;
			children = (
				47BBDDAF144465BB00D667D7 /* EGOTableViewPullRefresh */,
			);
			name = "src-external";
			path = "goodfilms.xcodeproj/../src-external";
			sourceTree = "<group>";
		};
		47BBDDAF144465BB00D667D7 /* EGOTableViewPullRefresh */ = {
			isa = PBXGroup;
			children = (
				47BBDDB0144465BB00D667D7 /* Classes */,
				47BBDDB1144465BB00D667D7 /* Resources */,
			);
			path = EGOTableViewPullRefresh;
			sourceTree = "<group>";
		};
		47BBDDB0144465BB00D667D7 /* Classes */ = {
			isa = PBXGroup;
			children = (
				47BBDDB2144465BB00D667D7 /* View */,
			);
			path = Classes;
			sourceTree = "<group>";
		};
		47BBDDB1144465BB00D667D7 /* Resources */ = {
			isa = PBXGroup;
			children = (
				47BBDDB5144465BB00D667D7 /* blackArrow.png */,
				47BBDDB6144465BB00D667D7 /* blackArrow@2x.png */,
				47BBDDB7144465BB00D667D7 /* blueArrow.png */,
				47BBDDB8144465BB00D667D7 /* blueArrow@2x.png */,
				47BBDDB9144465BB00D667D7 /* grayArrow.png */,
				47BBDDBA144465BB00D667D7 /* grayArrow@2x.png */,
				47BBDDBB144465BB00D667D7 /* whiteArrow.png */,
				47BBDDBC144465BB00D667D7 /* whiteArrow@2x.png */,
			);
			path = Resources;
			sourceTree = "<group>";
		};
		47BBDDB2144465BB00D667D7 /* View */ = {
			isa = PBXGroup;
			children = (
				47BBDDB3144465BB00D667D7 /* EGORefreshTableHeaderView.h */,
				47BBDDB4144465BB00D667D7 /* EGORefreshTableHeaderView.m */,
			);
			path = View;
			sourceTree = "<group>";
		};
		F118131514037B3C000DF820 /* assets */ = {
			isa = PBXGroup;
			children = (
				4728C2FE14522E6B008A9E6C /* lato */,
				47BCACCD14274799003D96D5 /* FBDialog.bundle */,
				47B0C7AE14162EBD00D7AB1C /* Default.png */,
				47B0C7AB14162A9D00D7AB1C /* logo.png */,
				F10DA12E140488D7007765C7 /* 45-movie-1.png */,
				F118131614037B3C000DF820 /* rango-w342.jpg */,
			);
			name = assets;
			path = goodfilms.xcodeproj/../assets;
			sourceTree = "<group>";
		};
		F160C1771403719900290128 /* src */ = {
			isa = PBXGroup;
			children = (
				47357F1A14528CC0009CBC05 /* AddRatingViewController.h */,
				47357F1B14528CC0009CBC05 /* AddRatingViewController.m */,
				47357F1C14528CC0009CBC05 /* AddRatingViewController.xib */,
				471B07C81436A16E00659E8D /* UI */,
				473B6E60143084C300E948CF /* Util */,
				F160C19A140371F100290128 /* Other */,
				F160C19B1403721100290128 /* API */,
				F160C199140371DB00290128 /* Model */,
				F160C17A1403719900290128 /* MainWindow.xib */,
				F160C1811403719900290128 /* goodfilmsAppDelegate.h */,
				F160C1821403719900290128 /* goodfilmsAppDelegate.m */,
				47B0C7A11416224700D7AB1C /* SignInViewController.h */,
				47B0C7A21416224700D7AB1C /* SignInViewController.m */,
				47B0C7A31416224700D7AB1C /* SignInViewController.xib */,
				F160C1841403719900290128 /* QueueViewController.h */,
				F160C1851403719900290128 /* QueueViewController.m */,
				F160C1861403719900290128 /* QueueViewController.xib */,
				F160C1871403719900290128 /* SearchViewController.h */,
				F160C1881403719900290128 /* SearchViewController.m */,
				F160C1891403719900290128 /* SearchViewController.xib */,
				F1507F8B1404CA0800137C24 /* FilmViewController.h */,
				F1507F8C1404CA0800137C24 /* FilmViewController.m */,
				F1507F8D1404CA0800137C24 /* FilmViewController.xib */,
			);
			path = src;
			sourceTree = "<group>";
		};
		F160C199140371DB00290128 /* Model */ = {
			isa = PBXGroup;
			children = (
				F160C17C1403719900290128 /* Film.h */,
				F160C17D1403719900290128 /* Film.m */,
				47B5ED7C143B252000320877 /* FilmStub.h */,
				47B5ED7D143B252000320877 /* FilmStub.m */,
			);
			name = Model;
			sourceTree = "<group>";
		};
		F160C19A140371F100290128 /* Other */ = {
			isa = PBXGroup;
			children = (
				F160C1781403719900290128 /* InfoPlist.strings */,
				F160C17E1403719900290128 /* goodfilms-Info.plist */,
				F160C17F1403719900290128 /* goodfilms-Prefix.pch */,
				F160C1801403719900290128 /* goodfilms.entitlements */,
				F160C1831403719900290128 /* main.m */,
			);
			name = Other;
			sourceTree = "<group>";
		};
		F160C19B1403721100290128 /* API */ = {
			isa = PBXGroup;
			children = (
				F160C19C1403722900290128 /* Api.h */,
				F160C19D1403722900290128 /* Api.m */,
			);
			name = API;
			sourceTree = "<group>";
		};
		F164DA1614035A48005D786F = {
			isa = PBXGroup;
			children = (
				477F81F7144C3374009A4D73 /* libz.1.2.5.dylib */,
				47BBDDC6144466E700D667D7 /* QuartzCore.framework */,
				F189936514038C5000CE83C2 /* MobileCoreServices.framework */,
				F189936314038C2500CE83C2 /* libicucore.dylib */,
				F189936114038C0F00CE83C2 /* libiconv.2.dylib */,
				F189935D14038BE900CE83C2 /* SystemConfiguration.framework */,
				F189935B14038BDF00CE83C2 /* CFNetwork.framework */,
				F1BEDEA0140382DF009F915A /* Kits */,
				F118131514037B3C000DF820 /* assets */,
				F160C1771403719900290128 /* src */,
				F164DA5314035A48005D786F /* goodfilmsTests */,
				F164DA2414035A48005D786F /* Frameworks */,
				F164DA2214035A48005D786F /* Products */,
				47BBDDAE144465BB00D667D7 /* src-external */,
			);
			sourceTree = "<group>";
		};
		F164DA2214035A48005D786F /* Products */ = {
			isa = PBXGroup;
			children = (
				F164DA2114035A48005D786F /* goodfilms.app */,
				F164DA4B14035A48005D786F /* goodfilmsTests.octest */,
			);
			name = Products;
			sourceTree = "<group>";
		};
		F164DA2414035A48005D786F /* Frameworks */ = {
			isa = PBXGroup;
			children = (
				F164DA2514035A48005D786F /* UIKit.framework */,
				F164DA2714035A48005D786F /* Foundation.framework */,
				F164DA2914035A48005D786F /* CoreGraphics.framework */,
				F164DA4C14035A48005D786F /* SenTestingKit.framework */,
			);
			name = Frameworks;
			sourceTree = "<group>";
		};
		F164DA5314035A48005D786F /* goodfilmsTests */ = {
			isa = PBXGroup;
			children = (
				473B6E6A14308C5300E948CF /* HTTPSpec.h */,
				473B6E6B14308C5300E948CF /* HTTPSpec.m */,
				F164DA5414035A48005D786F /* Supporting Files */,
			);
			path = goodfilmsTests;
			sourceTree = "<group>";
		};
		F164DA5414035A48005D786F /* Supporting Files */ = {
			isa = PBXGroup;
			children = (
				F164DA5514035A48005D786F /* goodfilmsTests-Info.plist */,
				F164DA5614035A48005D786F /* InfoPlist.strings */,
			);
			name = "Supporting Files";
			sourceTree = "<group>";
		};
		F1BEDEA0140382DF009F915A /* Kits */ = {
			isa = PBXGroup;
			children = (
				F1BEDEA2140382FA009F915A /* Kit.xcconfig */,
				F1BEDEA3140382FA009F915A /* KitDeps.xcodeproj */,
			);
			name = Kits;
			sourceTree = "<group>";
		};
		F1BEDEA4140382FA009F915A /* Products */ = {
			isa = PBXGroup;
			children = (
				F1BEDEAD140382FB009F915A /* libKitDeps.a */,
			);
			name = Products;
			sourceTree = "<group>";
		};
/* End PBXGroup section */

/* Begin PBXNativeTarget section */
		F164DA2014035A48005D786F /* goodfilms */ = {
			isa = PBXNativeTarget;
			buildConfigurationList = F164DA5F14035A48005D786F /* Build configuration list for PBXNativeTarget "goodfilms" */;
			buildPhases = (
				F164DA1D14035A48005D786F /* Sources */,
				F164DA1E14035A48005D786F /* Frameworks */,
				F164DA1F14035A48005D786F /* Resources */,
			);
			buildRules = (
			);
			dependencies = (
			);
			name = goodfilms;
			productName = goodfilms;
			productReference = F164DA2114035A48005D786F /* goodfilms.app */;
			productType = "com.apple.product-type.application";
		};
		F164DA4A14035A48005D786F /* goodfilmsTests */ = {
			isa = PBXNativeTarget;
			buildConfigurationList = F164DA6214035A48005D786F /* Build configuration list for PBXNativeTarget "goodfilmsTests" */;
			buildPhases = (
				F164DA4614035A48005D786F /* Sources */,
				F164DA4714035A48005D786F /* Frameworks */,
				F164DA4814035A48005D786F /* Resources */,
				F164DA4914035A48005D786F /* ShellScript */,
			);
			buildRules = (
			);
			dependencies = (
				F164DA5214035A48005D786F /* PBXTargetDependency */,
			);
			name = goodfilmsTests;
			productName = goodfilmsTests;
			productReference = F164DA4B14035A48005D786F /* goodfilmsTests.octest */;
			productType = "com.apple.product-type.bundle";
		};
/* End PBXNativeTarget section */

/* Begin PBXProject section */
		F164DA1814035A48005D786F /* Project object */ = {
			isa = PBXProject;
			buildConfigurationList = F164DA1B14035A48005D786F /* Build configuration list for PBXProject "goodfilms" */;
			compatibilityVersion = "Xcode 3.2";
			developmentRegion = English;
			hasScannedForEncodings = 0;
			knownRegions = (
				en,
			);
			mainGroup = F164DA1614035A48005D786F;
			productRefGroup = F164DA2214035A48005D786F /* Products */;
			projectDirPath = "";
			projectReferences = (
				{
					ProductGroup = F1BEDEA4140382FA009F915A /* Products */;
					ProjectRef = F1BEDEA3140382FA009F915A /* KitDeps.xcodeproj */;
				},
			);
			projectRoot = "";
			targets = (
				F164DA2014035A48005D786F /* goodfilms */,
				F164DA4A14035A48005D786F /* goodfilmsTests */,
			);
		};
/* End PBXProject section */

/* Begin PBXReferenceProxy section */
		F1BEDEAD140382FB009F915A /* libKitDeps.a */ = {
			isa = PBXReferenceProxy;
			fileType = archive.ar;
			path = libKitDeps.a;
			remoteRef = F1BEDEAC140382FB009F915A /* PBXContainerItemProxy */;
			sourceTree = BUILT_PRODUCTS_DIR;
		};
/* End PBXReferenceProxy section */

/* Begin PBXResourcesBuildPhase section */
		F164DA1F14035A48005D786F /* Resources */ = {
			isa = PBXResourcesBuildPhase;
			buildActionMask = 2147483647;
			files = (
				F160C18C1403719900290128 /* InfoPlist.strings in Resources */,
				F160C18D1403719900290128 /* MainWindow.xib in Resources */,
				F160C18F1403719900290128 /* goodfilms-Info.plist in Resources */,
				F160C1901403719900290128 /* goodfilms.entitlements in Resources */,
				F160C1941403719900290128 /* QueueViewController.xib in Resources */,
				F160C1961403719900290128 /* SearchViewController.xib in Resources */,
				F118131714037B3C000DF820 /* rango-w342.jpg in Resources */,
				F1BEDEA9140382FA009F915A /* Kit.xcconfig in Resources */,
				F10DA12F140488D7007765C7 /* 45-movie-1.png in Resources */,
				F1507F8F1404CA0800137C24 /* FilmViewController.xib in Resources */,
				47B0C7A61416224700D7AB1C /* SignInViewController.xib in Resources */,
				47B0C7AC14162A9D00D7AB1C /* logo.png in Resources */,
				47B0C7AF14162EBD00D7AB1C /* Default.png in Resources */,
				47BCACCE14274799003D96D5 /* FBDialog.bundle in Resources */,
				47BBDDBE144465BB00D667D7 /* blackArrow.png in Resources */,
				47BBDDBF144465BB00D667D7 /* blackArrow@2x.png in Resources */,
				47BBDDC0144465BB00D667D7 /* blueArrow.png in Resources */,
				47BBDDC1144465BB00D667D7 /* blueArrow@2x.png in Resources */,
				47BBDDC2144465BB00D667D7 /* grayArrow.png in Resources */,
				47BBDDC3144465BB00D667D7 /* grayArrow@2x.png in Resources */,
				47BBDDC4144465BB00D667D7 /* whiteArrow.png in Resources */,
				47BBDDC5144465BB00D667D7 /* whiteArrow@2x.png in Resources */,
				4728C31014522E6B008A9E6C /* Lato-Black.ttf in Resources */,
				4728C31114522E6B008A9E6C /* Lato-BlackItalic.ttf in Resources */,
				4728C31214522E6B008A9E6C /* Lato-Bold.ttf in Resources */,
				4728C31314522E6B008A9E6C /* Lato-BoldItalic.ttf in Resources */,
				4728C31414522E6B008A9E6C /* Lato-Hairline.ttf in Resources */,
				4728C31514522E6B008A9E6C /* Lato-HairlineItalic.ttf in Resources */,
				4728C31614522E6B008A9E6C /* Lato-Italic.ttf in Resources */,
				4728C31714522E6B008A9E6C /* Lato-Light.ttf in Resources */,
				4728C31814522E6B008A9E6C /* Lato-LightItalic.ttf in Resources */,
				4728C31914522E6B008A9E6C /* Lato-Regular.menu in Resources */,
				4728C31A14522E6B008A9E6C /* Lato-Regular.ttf in Resources */,
				4728C31B14522E6B008A9E6C /* md5sum in Resources */,
				4728C31C14522E6B008A9E6C /* METADATA in Resources */,
				4728C31D14522E6B008A9E6C /* OFL.txt in Resources */,
				4728C31E14522E6B008A9E6C /* Łukasz_Dziedzic-colour.jpg in Resources */,
				4728C31F14522E6B008A9E6C /* Łukasz_Dziedzic.jpg in Resources */,
				47357F1E14528CC0009CBC05 /* AddRatingViewController.xib in Resources */,
			);
			runOnlyForDeploymentPostprocessing = 0;
		};
		F164DA4814035A48005D786F /* Resources */ = {
			isa = PBXResourcesBuildPhase;
			buildActionMask = 2147483647;
			files = (
				F164DA5814035A48005D786F /* InfoPlist.strings in Resources */,
				47B0C7A71416224700D7AB1C /* SignInViewController.xib in Resources */,
				47B0C7AD14162A9D00D7AB1C /* logo.png in Resources */,
				47B0C7B014162EBD00D7AB1C /* Default.png in Resources */,
			);
			runOnlyForDeploymentPostprocessing = 0;
		};
/* End PBXResourcesBuildPhase section */

/* Begin PBXShellScriptBuildPhase section */
		F164DA4914035A48005D786F /* ShellScript */ = {
			isa = PBXShellScriptBuildPhase;
			buildActionMask = 2147483647;
			files = (
			);
			inputPaths = (
			);
			outputPaths = (
			);
			runOnlyForDeploymentPostprocessing = 0;
			shellPath = /bin/sh;
			shellScript = "# Run the unit tests in this test bundle.\n\"${SYSTEM_DEVELOPER_DIR}/Tools/RunUnitTests\"\n";
		};
/* End PBXShellScriptBuildPhase section */

/* Begin PBXSourcesBuildPhase section */
		F164DA1D14035A48005D786F /* Sources */ = {
			isa = PBXSourcesBuildPhase;
			buildActionMask = 2147483647;
			files = (
				F160C18E1403719900290128 /* Film.m in Sources */,
				F160C1911403719900290128 /* goodfilmsAppDelegate.m in Sources */,
				F160C1921403719900290128 /* main.m in Sources */,
				F160C1931403719900290128 /* QueueViewController.m in Sources */,
				F160C1951403719900290128 /* SearchViewController.m in Sources */,
				F160C19E1403722900290128 /* Api.m in Sources */,
				F1507F8E1404CA0800137C24 /* FilmViewController.m in Sources */,
				47B0C7A41416224700D7AB1C /* SignInViewController.m in Sources */,
				473B6E63143084E500E948CF /* JSON.m in Sources */,
				473B6E67143085FF00E948CF /* HTTP.m in Sources */,
				471B07CB1436A18500659E8D /* FilmTableViewCell.m in Sources */,
				47B5ED7E143B252000320877 /* FilmStub.m in Sources */,
				47BBDDBD144465BB00D667D7 /* EGORefreshTableHeaderView.m in Sources */,
				47357F1D14528CC0009CBC05 /* AddRatingViewController.m in Sources */,
			);
			runOnlyForDeploymentPostprocessing = 0;
		};
		F164DA4614035A48005D786F /* Sources */ = {
			isa = PBXSourcesBuildPhase;
			buildActionMask = 2147483647;
			files = (
				473B6E6E14308F4900E948CF /* FilmViewController.m in Sources */,
				473B6E6F14308F4900E948CF /* Api.m in Sources */,
				473B6E7014308F4900E948CF /* Film.m in Sources */,
				473B6E7214308F4900E948CF /* goodfilmsAppDelegate.m in Sources */,
				473B6E7314308F4900E948CF /* QueueViewController.m in Sources */,
				473B6E7414308F4900E948CF /* SearchViewController.m in Sources */,
				47B0C7A51416224700D7AB1C /* SignInViewController.m in Sources */,
				473B6E64143084E500E948CF /* JSON.m in Sources */,
				473B6E68143085FF00E948CF /* HTTP.m in Sources */,
				473B6E6C14308C5300E948CF /* HTTPSpec.m in Sources */,
				47B5ED7F143B252000320877 /* FilmStub.m in Sources */,
			);
			runOnlyForDeploymentPostprocessing = 0;
		};
/* End PBXSourcesBuildPhase section */

/* Begin PBXTargetDependency section */
		F164DA5214035A48005D786F /* PBXTargetDependency */ = {
			isa = PBXTargetDependency;
			target = F164DA2014035A48005D786F /* goodfilms */;
			targetProxy = F164DA5114035A48005D786F /* PBXContainerItemProxy */;
		};
/* End PBXTargetDependency section */

/* Begin PBXVariantGroup section */
		F160C1781403719900290128 /* InfoPlist.strings */ = {
			isa = PBXVariantGroup;
			children = (
				F160C1791403719900290128 /* InfoPlist.strings */,
			);
			name = InfoPlist.strings;
			sourceTree = "<group>";
		};
		F160C17A1403719900290128 /* MainWindow.xib */ = {
			isa = PBXVariantGroup;
			children = (
				F160C17B1403719900290128 /* MainWindow.xib */,
			);
			name = MainWindow.xib;
			sourceTree = "<group>";
		};
		F164DA5614035A48005D786F /* InfoPlist.strings */ = {
			isa = PBXVariantGroup;
			children = (
				F164DA5714035A48005D786F /* InfoPlist.strings */,
			);
			name = InfoPlist.strings;
			sourceTree = "<group>";
		};
/* End PBXVariantGroup section */

/* Begin XCBuildConfiguration section */
		F164DA5D14035A48005D786F /* Debug */ = {
			isa = XCBuildConfiguration;
			baseConfigurationReference = F1BEDEA2140382FA009F915A /* Kit.xcconfig */;
			buildSettings = {
				ALWAYS_SEARCH_USER_PATHS = NO;
				ARCHS = "$(ARCHS_STANDARD_32_BIT)";
				"CODE_SIGN_IDENTITY[sdk=iphoneos*]" = "iPhone Developer";
				COPY_PHASE_STRIP = NO;
				GCC_C_LANGUAGE_STANDARD = gnu99;
				GCC_DYNAMIC_NO_PIC = NO;
				GCC_OPTIMIZATION_LEVEL = 0;
				GCC_PREPROCESSOR_DEFINITIONS = (
					"DEBUG=1",
					"$(inherited)",
				);
				GCC_SYMBOLS_PRIVATE_EXTERN = NO;
				GCC_TREAT_WARNINGS_AS_ERRORS = YES;
				GCC_VERSION = com.apple.compilers.llvm.clang.1_0;
				GCC_WARN_ABOUT_MISSING_PROTOTYPES = YES;
				GCC_WARN_ABOUT_RETURN_TYPE = YES;
				GCC_WARN_UNUSED_VARIABLE = YES;
				IPHONEOS_DEPLOYMENT_TARGET = 4.3;
				OTHER_LDFLAGS = (
					"$(motive_OTHER_LDFLAGS)",
					"$(asi_http_request_OTHER_LDFLAGS)",
				);
				SDKROOT = iphoneos;
			};
			name = Debug;
		};
		F164DA5E14035A48005D786F /* Release */ = {
			isa = XCBuildConfiguration;
			baseConfigurationReference = F1BEDEA2140382FA009F915A /* Kit.xcconfig */;
			buildSettings = {
				ALWAYS_SEARCH_USER_PATHS = NO;
				ARCHS = "$(ARCHS_STANDARD_32_BIT)";
				"CODE_SIGN_IDENTITY[sdk=iphoneos*]" = "iPhone Developer";
				COPY_PHASE_STRIP = YES;
				GCC_C_LANGUAGE_STANDARD = gnu99;
				GCC_TREAT_WARNINGS_AS_ERRORS = YES;
				GCC_VERSION = com.apple.compilers.llvm.clang.1_0;
				GCC_WARN_ABOUT_MISSING_PROTOTYPES = YES;
				GCC_WARN_ABOUT_RETURN_TYPE = YES;
				GCC_WARN_UNUSED_VARIABLE = YES;
				IPHONEOS_DEPLOYMENT_TARGET = 4.3;
				OTHER_CFLAGS = "-DNS_BLOCK_ASSERTIONS=1";
				OTHER_LDFLAGS = (
					"$(motive_OTHER_LDFLAGS)",
					"$(asi_http_request_OTHER_LDFLAGS)",
				);
				SDKROOT = iphoneos;
				VALIDATE_PRODUCT = YES;
			};
			name = Release;
		};
		F164DA6014035A48005D786F /* Debug */ = {
			isa = XCBuildConfiguration;
			buildSettings = {
				CODE_SIGN_ENTITLEMENTS = src/goodfilms.entitlements;
				GCC_PRECOMPILE_PREFIX_HEADER = YES;
				GCC_PREFIX_HEADER = "src/goodfilms-Prefix.pch";
				INFOPLIST_FILE = "src/goodfilms-Info.plist";
				OTHER_LDFLAGS = (
					"$(motive_OTHER_LDFLAGS)",
					"$(asi_http_request_OTHER_LDFLAGS)",
					"$(inherited)",
					"-all_load",
				);
				PRODUCT_NAME = "$(TARGET_NAME)";
				TARGETED_DEVICE_FAMILY = 1;
				WRAPPER_EXTENSION = app;
			};
			name = Debug;
		};
		F164DA6114035A48005D786F /* Release */ = {
			isa = XCBuildConfiguration;
			buildSettings = {
				CODE_SIGN_ENTITLEMENTS = src/goodfilms.entitlements;
				GCC_PRECOMPILE_PREFIX_HEADER = YES;
				GCC_PREFIX_HEADER = "src/goodfilms-Prefix.pch";
				INFOPLIST_FILE = "src/goodfilms-Info.plist";
				OTHER_LDFLAGS = (
					"$(motive_OTHER_LDFLAGS)",
					"$(asi_http_request_OTHER_LDFLAGS)",
					"$(inherited)",
					"-all_load",
				);
				PRODUCT_NAME = "$(TARGET_NAME)";
				TARGETED_DEVICE_FAMILY = 1;
				WRAPPER_EXTENSION = app;
			};
			name = Release;
		};
		F164DA6314035A48005D786F /* Debug */ = {
			isa = XCBuildConfiguration;
			buildSettings = {
				BUNDLE_LOADER = "$(BUILT_PRODUCTS_DIR)/goodfilms.app/goodfilms";
				FRAMEWORK_SEARCH_PATHS = (
					"$(SDKROOT)/Developer/Library/Frameworks",
					"$(DEVELOPER_LIBRARY_DIR)/Frameworks",
				);
				GCC_PRECOMPILE_PREFIX_HEADER = YES;
				GCC_PREFIX_HEADER = "src/goodfilms-Prefix.pch";
				INFOPLIST_FILE = "goodfilmsTests/goodfilmsTests-Info.plist";
				PRODUCT_NAME = "$(TARGET_NAME)";
				TEST_HOST = "$(BUNDLE_LOADER)";
				WRAPPER_EXTENSION = octest;
			};
			name = Debug;
		};
		F164DA6414035A48005D786F /* Release */ = {
			isa = XCBuildConfiguration;
			buildSettings = {
				BUNDLE_LOADER = "$(BUILT_PRODUCTS_DIR)/goodfilms.app/goodfilms";
				FRAMEWORK_SEARCH_PATHS = (
					"$(SDKROOT)/Developer/Library/Frameworks",
					"$(DEVELOPER_LIBRARY_DIR)/Frameworks",
				);
				GCC_PRECOMPILE_PREFIX_HEADER = YES;
				GCC_PREFIX_HEADER = "src/goodfilms-Prefix.pch";
				INFOPLIST_FILE = "goodfilmsTests/goodfilmsTests-Info.plist";
				PRODUCT_NAME = "$(TARGET_NAME)";
				TEST_HOST = "$(BUNDLE_LOADER)";
				WRAPPER_EXTENSION = octest;
			};
			name = Release;
		};
/* End XCBuildConfiguration section */

/* Begin XCConfigurationList section */
		F164DA1B14035A48005D786F /* Build configuration list for PBXProject "goodfilms" */ = {
			isa = XCConfigurationList;
			buildConfigurations = (
				F164DA5D14035A48005D786F /* Debug */,
				F164DA5E14035A48005D786F /* Release */,
			);
			defaultConfigurationIsVisible = 0;
			defaultConfigurationName = Release;
		};
		F164DA5F14035A48005D786F /* Build configuration list for PBXNativeTarget "goodfilms" */ = {
			isa = XCConfigurationList;
			buildConfigurations = (
				F164DA6014035A48005D786F /* Debug */,
				F164DA6114035A48005D786F /* Release */,
			);
			defaultConfigurationIsVisible = 0;
			defaultConfigurationName = Release;
		};
		F164DA6214035A48005D786F /* Build configuration list for PBXNativeTarget "goodfilmsTests" */ = {
			isa = XCConfigurationList;
			buildConfigurations = (
				F164DA6314035A48005D786F /* Debug */,
				F164DA6414035A48005D786F /* Release */,
			);
			defaultConfigurationIsVisible = 0;
			defaultConfigurationName = Release;
		};
/* End XCConfigurationList section */
	};
	rootObject = F164DA1814035A48005D786F /* Project object */;
}
